
Microsoft Visual Studio Solution File, Format Version 12.00
# Visual Studio Version 17
VisualStudioVersion = 17.7.34221.43
MinimumVisualStudioVersion = 10.0.40219.1
Project("{FAE04EC0-301F-11D3-BF4B-00C04F79EFBC}") = "Parprogrammering", "Parprogrammering\Parprogrammering.csproj", "{C072B248-BB8D-486B-873A-86E46D7C7BBC}"
EndProject
Global
	GlobalSection(SolutionConfigurationPlatforms) = preSolution
		Debug|Any CPU = Debug|Any CPU
		Release|Any CPU = Release|Any CPU
	EndGlobalSection
	GlobalSection(ProjectConfigurationPlatforms) = postSolution
		{C072B248-BB8D-486B-873A-86E46D7C7BBC}.Debug|Any CPU.ActiveCfg = Debug|Any CPU
		{C072B248-BB8D-486B-873A-86E46D7C7BBC}.Debug|Any CPU.Build.0 = Debug|Any CPU
		{C072B248-BB8D-486B-873A-86E46D7C7BBC}.Release|Any CPU.ActiveCfg = Release|Any CPU
		{C072B248-BB8D-486B-873A-86E46D7C7BBC}.Release|Any CPU.Build.0 = Release|Any CPU
	EndGlobalSection
	GlobalSection(SolutionProperties) = preSolution
		HideSolutionNode = FALSE
	EndGlobalSection
	GlobalSection(ExtensibilityGlobals) = postSolution
		SolutionGuid = {20963A0B-79AA-4BD2-99A6-FB3B2E150A91}
	EndGlobalSection
EndGlobal
